
Microsoft Visual Studio Solution File, Format Version 12.00
# Visual Studio Version 16
VisualStudioVersion = 16.0.29920.165
MinimumVisualStudioVersion = 10.0.40219.1
Project("{FAE04EC0-301F-11D3-BF4B-00C04F79EFBC}") = "NumeroMayorMenor", "NumeroMayorMenor\NumeroMayorMenor.csproj", "{3153F8FC-BC37-424D-833F-4E2F88F0D127}"
EndProject
Global
	GlobalSection(SolutionConfigurationPlatforms) = preSolution
		Debug|Any CPU = Debug|Any CPU
		Release|Any CPU = Release|Any CPU
	EndGlobalSection
	GlobalSection(ProjectConfigurationPlatforms) = postSolution
		{3153F8FC-BC37-424D-833F-4E2F88F0D127}.Debug|Any CPU.ActiveCfg = Debug|Any CPU
		{3153F8FC-BC37-424D-833F-4E2F88F0D127}.Debug|Any CPU.Build.0 = Debug|Any CPU
		{3153F8FC-BC37-424D-833F-4E2F88F0D127}.Release|Any CPU.ActiveCfg = Release|Any CPU
		{3153F8FC-BC37-424D-833F-4E2F88F0D127}.Release|Any CPU.Build.0 = Release|Any CPU
	EndGlobalSection
	GlobalSection(SolutionProperties) = preSolution
		HideSolutionNode = FALSE
	EndGlobalSection
	GlobalSection(ExtensibilityGlobals) = postSolution
		SolutionGuid = {E8927B7B-90AF-4442-9E92-AD5AB7A6852E}
	EndGlobalSection
EndGlobal
